// !$*UTF8*$!
{
	archiveVersion = 1;
	classes = {
	};
	objectVersion = 56;
	objects = {

/* Begin PBXBuildFile section */
		031F59AD2AA0958D009AFE92 /* AppDelegate.swift in Sources */ = {isa = PBXBuildFile; fileRef = 031F59AC2AA0958D009AFE92 /* AppDelegate.swift */; };
		031F59AF2AA0958D009AFE92 /* SceneDelegate.swift in Sources */ = {isa = PBXBuildFile; fileRef = 031F59AE2AA0958D009AFE92 /* SceneDelegate.swift */; };
		031F59B12AA0958D009AFE92 /* ViewController.swift in Sources */ = {isa = PBXBuildFile; fileRef = 031F59B02AA0958D009AFE92 /* ViewController.swift */; };
		031F59B42AA0958D009AFE92 /* Main.storyboard in Resources */ = {isa = PBXBuildFile; fileRef = 031F59B22AA0958D009AFE92 /* Main.storyboard */; };
		031F59B62AA09592009AFE92 /* Assets.xcassets in Resources */ = {isa = PBXBuildFile; fileRef = 031F59B52AA09592009AFE92 /* Assets.xcassets */; };
		031F59B92AA09592009AFE92 /* LaunchScreen.storyboard in Resources */ = {isa = PBXBuildFile; fileRef = 031F59B72AA09592009AFE92 /* LaunchScreen.storyboard */; };
		03A7A65E2AA612CF005F3BDE /* Realm in Frameworks */ = {isa = PBXBuildFile; productRef = 03A7A65D2AA612CF005F3BDE /* Realm */; };
		03A7A6602AA612CF005F3BDE /* RealmSwift in Frameworks */ = {isa = PBXBuildFile; productRef = 03A7A65F2AA612CF005F3BDE /* RealmSwift */; };
		03A7A6622AA612FA005F3BDE /* OflineAsset.swift in Sources */ = {isa = PBXBuildFile; fileRef = 03A7A6612AA612FA005F3BDE /* OflineAsset.swift */; };
		03B431462AAB2488008B3369 /* ContentKeyManager.swift in Sources */ = {isa = PBXBuildFile; fileRef = 03B431452AAB2487008B3369 /* ContentKeyManager.swift */; };
		03B431482AAB24AF008B3369 /* ContentKeyDelegate.swift in Sources */ = {isa = PBXBuildFile; fileRef = 03B431472AAB24AF008B3369 /* ContentKeyDelegate.swift */; };
		03B4314C2AAB2504008B3369 /* API.swift in Sources */ = {isa = PBXBuildFile; fileRef = 03B4314B2AAB2504008B3369 /* API.swift */; };
		03B4314F2AAB25AC008B3369 /* Alamofire in Frameworks */ = {isa = PBXBuildFile; productRef = 03B4314E2AAB25AC008B3369 /* Alamofire */; };
		03B431512AAC7104008B3369 /* BaseModel.swift in Sources */ = {isa = PBXBuildFile; fileRef = 03B431502AAC7104008B3369 /* BaseModel.swift */; };
/* End PBXBuildFile section */

/* Begin PBXFileReference section */
		031F59A92AA0958D009AFE92 /* OfflineDownloadWithAVFoundation.app */ = {isa = PBXFileReference; explicitFileType = wrapper.application; includeInIndex = 0; path = OfflineDownloadWithAVFoundation.app; sourceTree = BUILT_PRODUCTS_DIR; };
		031F59AC2AA0958D009AFE92 /* AppDelegate.swift */ = {isa = PBXFileReference; lastKnownFileType = sourcecode.swift; path = AppDelegate.swift; sourceTree = "<group>"; };
		031F59AE2AA0958D009AFE92 /* SceneDelegate.swift */ = {isa = PBXFileReference; lastKnownFileType = sourcecode.swift; path = SceneDelegate.swift; sourceTree = "<group>"; };
		031F59B02AA0958D009AFE92 /* ViewController.swift */ = {isa = PBXFileReference; lastKnownFileType = sourcecode.swift; path = ViewController.swift; sourceTree = "<group>"; };
		031F59B32AA0958D009AFE92 /* Base */ = {isa = PBXFileReference; lastKnownFileType = file.storyboard; name = Base; path = Base.lproj/Main.storyboard; sourceTree = "<group>"; };
		031F59B52AA09592009AFE92 /* Assets.xcassets */ = {isa = PBXFileReference; lastKnownFileType = folder.assetcatalog; path = Assets.xcassets; sourceTree = "<group>"; };
		031F59B82AA09592009AFE92 /* Base */ = {isa = PBXFileReference; lastKnownFileType = file.storyboard; name = Base; path = Base.lproj/LaunchScreen.storyboard; sourceTree = "<group>"; };
		031F59BA2AA09592009AFE92 /* Info.plist */ = {isa = PBXFileReference; lastKnownFileType = text.plist.xml; path = Info.plist; sourceTree = "<group>"; };
		03A7A6612AA612FA005F3BDE /* OflineAsset.swift */ = {isa = PBXFileReference; lastKnownFileType = sourcecode.swift; path = OflineAsset.swift; sourceTree = "<group>"; };
		03B431452AAB2487008B3369 /* ContentKeyManager.swift */ = {isa = PBXFileReference; lastKnownFileType = sourcecode.swift; path = ContentKeyManager.swift; sourceTree = "<group>"; };
		03B431472AAB24AF008B3369 /* ContentKeyDelegate.swift */ = {isa = PBXFileReference; lastKnownFileType = sourcecode.swift; path = ContentKeyDelegate.swift; sourceTree = "<group>"; };
		03B4314B2AAB2504008B3369 /* API.swift */ = {isa = PBXFileReference; lastKnownFileType = sourcecode.swift; path = API.swift; sourceTree = "<group>"; };
		03B431502AAC7104008B3369 /* BaseModel.swift */ = {isa = PBXFileReference; lastKnownFileType = sourcecode.swift; path = BaseModel.swift; sourceTree = "<group>"; };
/* End PBXFileReference section */

/* Begin PBXFrameworksBuildPhase section */
		031F59A62AA0958D009AFE92 /* Frameworks */ = {
			isa = PBXFrameworksBuildPhase;
			buildActionMask = 2147483647;
			files = (
				03B4314F2AAB25AC008B3369 /* Alamofire in Frameworks */,
				03A7A6602AA612CF005F3BDE /* RealmSwift in Frameworks */,
				03A7A65E2AA612CF005F3BDE /* Realm in Frameworks */,
			);
			runOnlyForDeploymentPostprocessing = 0;
		};
/* End PBXFrameworksBuildPhase section */

/* Begin PBXGroup section */
		031F59A02AA0958D009AFE92 = {
			isa = PBXGroup;
			children = (
				031F59AB2AA0958D009AFE92 /* OfflineDownloadWithAVFoundation */,
				031F59AA2AA0958D009AFE92 /* Products */,
			);
			sourceTree = "<group>";
		};
		031F59AA2AA0958D009AFE92 /* Products */ = {
			isa = PBXGroup;
			children = (
				031F59A92AA0958D009AFE92 /* OfflineDownloadWithAVFoundation.app */,
			);
			name = Products;
			sourceTree = "<group>";
		};
		031F59AB2AA0958D009AFE92 /* OfflineDownloadWithAVFoundation */ = {
			isa = PBXGroup;
			children = (
				03B4314A2AAB24F4008B3369 /* Network */,
				03B431442AAB14A0008B3369 /* Managers */,
				03A7A65B2AA611EB005F3BDE /* Model */,
				031F59AC2AA0958D009AFE92 /* AppDelegate.swift */,
				031F59AE2AA0958D009AFE92 /* SceneDelegate.swift */,
				031F59B02AA0958D009AFE92 /* ViewController.swift */,
				031F59B22AA0958D009AFE92 /* Main.storyboard */,
				031F59B52AA09592009AFE92 /* Assets.xcassets */,
				031F59B72AA09592009AFE92 /* LaunchScreen.storyboard */,
				031F59BA2AA09592009AFE92 /* Info.plist */,
			);
			path = OfflineDownloadWithAVFoundation;
			sourceTree = "<group>";
		};
		03A7A65B2AA611EB005F3BDE /* Model */ = {
			isa = PBXGroup;
			children = (
				03A7A6612AA612FA005F3BDE /* OflineAsset.swift */,
				03B431502AAC7104008B3369 /* BaseModel.swift */,
			);
			path = Model;
			sourceTree = "<group>";
		};
		03B431442AAB14A0008B3369 /* Managers */ = {
			isa = PBXGroup;
			children = (
				03B431452AAB2487008B3369 /* ContentKeyManager.swift */,
				03B431472AAB24AF008B3369 /* ContentKeyDelegate.swift */,
			);
			path = Managers;
			sourceTree = "<group>";
		};
		03B4314A2AAB24F4008B3369 /* Network */ = {
			isa = PBXGroup;
			children = (
				03B4314B2AAB2504008B3369 /* API.swift */,
			);
			path = Network;
			sourceTree = "<group>";
		};
/* End PBXGroup section */

/* Begin PBXNativeTarget section */
		031F59A82AA0958D009AFE92 /* OfflineDownloadWithAVFoundation */ = {
			isa = PBXNativeTarget;
			buildConfigurationList = 031F59BD2AA09592009AFE92 /* Build configuration list for PBXNativeTarget "OfflineDownloadWithAVFoundation" */;
			buildPhases = (
				031F59A52AA0958D009AFE92 /* Sources */,
				031F59A62AA0958D009AFE92 /* Frameworks */,
				031F59A72AA0958D009AFE92 /* Resources */,
			);
			buildRules = (
			);
			dependencies = (
			);
			name = OfflineDownloadWithAVFoundation;
			packageProductDependencies = (
				03A7A65D2AA612CF005F3BDE /* Realm */,
				03A7A65F2AA612CF005F3BDE /* RealmSwift */,
				03B4314E2AAB25AC008B3369 /* Alamofire */,
			);
			productName = OfflineDownloadWithAVFoundation;
			productReference = 031F59A92AA0958D009AFE92 /* OfflineDownloadWithAVFoundation.app */;
			productType = "com.apple.product-type.application";
		};
/* End PBXNativeTarget section */

/* Begin PBXProject section */
		031F59A12AA0958D009AFE92 /* Project object */ = {
			isa = PBXProject;
			attributes = {
				BuildIndependentTargetsInParallel = 1;
				LastSwiftUpdateCheck = 1430;
				LastUpgradeCheck = 1430;
				TargetAttributes = {
					031F59A82AA0958D009AFE92 = {
						CreatedOnToolsVersion = 14.3;
					};
				};
			};
			buildConfigurationList = 031F59A42AA0958D009AFE92 /* Build configuration list for PBXProject "OfflineDownloadWithAVFoundation" */;
			compatibilityVersion = "Xcode 14.0";
			developmentRegion = en;
			hasScannedForEncodings = 0;
			knownRegions = (
				en,
				Base,
			);
			mainGroup = 031F59A02AA0958D009AFE92;
			packageReferences = (
				03A7A65C2AA612CF005F3BDE /* XCRemoteSwiftPackageReference "realm-swift" */,
				03B4314D2AAB25AC008B3369 /* XCRemoteSwiftPackageReference "Alamofire" */,
			);
			productRefGroup = 031F59AA2AA0958D009AFE92 /* Products */;
			projectDirPath = "";
			projectRoot = "";
			targets = (
				031F59A82AA0958D009AFE92 /* OfflineDownloadWithAVFoundation */,
			);
		};
/* End PBXProject section */

/* Begin PBXResourcesBuildPhase section */
		031F59A72AA0958D009AFE92 /* Resources */ = {
			isa = PBXResourcesBuildPhase;
			buildActionMask = 2147483647;
			files = (
				031F59B92AA09592009AFE92 /* LaunchScreen.storyboard in Resources */,
				031F59B62AA09592009AFE92 /* Assets.xcassets in Resources */,
				031F59B42AA0958D009AFE92 /* Main.storyboard in Resources */,
			);
			runOnlyForDeploymentPostprocessing = 0;
		};
/* End PBXResourcesBuildPhase section */

/* Begin PBXSourcesBuildPhase section */
		031F59A52AA0958D009AFE92 /* Sources */ = {
			isa = PBXSourcesBuildPhase;
			buildActionMask = 2147483647;
			files = (
				03B431482AAB24AF008B3369 /* ContentKeyDelegate.swift in Sources */,
				031F59B12AA0958D009AFE92 /* ViewController.swift in Sources */,
				031F59AD2AA0958D009AFE92 /* AppDelegate.swift in Sources */,
				03A7A6622AA612FA005F3BDE /* OflineAsset.swift in Sources */,
				03B431462AAB2488008B3369 /* ContentKeyManager.swift in Sources */,
				031F59AF2AA0958D009AFE92 /* SceneDelegate.swift in Sources */,
				03B431512AAC7104008B3369 /* BaseModel.swift in Sources */,
				03B4314C2AAB2504008B3369 /* API.swift in Sources */,
			);
			runOnlyForDeploymentPostprocessing = 0;
		};
/* End PBXSourcesBuildPhase section */

/* Begin PBXVariantGroup section */
		031F59B22AA0958D009AFE92 /* Main.storyboard */ = {
			isa = PBXVariantGroup;
			children = (
				031F59B32AA0958D009AFE92 /* Base */,
			);
			name = Main.storyboard;
			sourceTree = "<group>";
		};
		031F59B72AA09592009AFE92 /* LaunchScreen.storyboard */ = {
			isa = PBXVariantGroup;
			children = (
				031F59B82AA09592009AFE92 /* Base */,
			);
			name = LaunchScreen.storyboard;
			sourceTree = "<group>";
		};
/* End PBXVariantGroup section */

/* Begin XCBuildConfiguration section */
		031F59BB2AA09592009AFE92 /* Debug */ = {
			isa = XCBuildConfiguration;
			buildSettings = {
				ALWAYS_SEARCH_USER_PATHS = NO;
				CLANG_ANALYZER_NONNULL = YES;
				CLANG_ANALYZER_NUMBER_OBJECT_CONVERSION = YES_AGGRESSIVE;
				CLANG_CXX_LANGUAGE_STANDARD = "gnu++20";
				CLANG_ENABLE_MODULES = YES;
				CLANG_ENABLE_OBJC_ARC = YES;
				CLANG_ENABLE_OBJC_WEAK = YES;
				CLANG_WARN_BLOCK_CAPTURE_AUTORELEASING = YES;
				CLANG_WARN_BOOL_CONVERSION = YES;
				CLANG_WARN_COMMA = YES;
				CLANG_WARN_CONSTANT_CONVERSION = YES;
				CLANG_WARN_DEPRECATED_OBJC_IMPLEMENTATIONS = YES;
				CLANG_WARN_DIRECT_OBJC_ISA_USAGE = YES_ERROR;
				CLANG_WARN_DOCUMENTATION_COMMENTS = YES;
				CLANG_WARN_EMPTY_BODY = YES;
				CLANG_WARN_ENUM_CONVERSION = YES;
				CLANG_WARN_INFINITE_RECURSION = YES;
				CLANG_WARN_INT_CONVERSION = YES;
				CLANG_WARN_NON_LITERAL_NULL_CONVERSION = YES;
				CLANG_WARN_OBJC_IMPLICIT_RETAIN_SELF = YES;
				CLANG_WARN_OBJC_LITERAL_CONVERSION = YES;
				CLANG_WARN_OBJC_ROOT_CLASS = YES_ERROR;
				CLANG_WARN_QUOTED_INCLUDE_IN_FRAMEWORK_HEADER = YES;
				CLANG_WARN_RANGE_LOOP_ANALYSIS = YES;
				CLANG_WARN_STRICT_PROTOTYPES = YES;
				CLANG_WARN_SUSPICIOUS_MOVE = YES;
				CLANG_WARN_UNGUARDED_AVAILABILITY = YES_AGGRESSIVE;
				CLANG_WARN_UNREACHABLE_CODE = YES;
				CLANG_WARN__DUPLICATE_METHOD_MATCH = YES;
				COPY_PHASE_STRIP = NO;
				DEBUG_INFORMATION_FORMAT = dwarf;
				ENABLE_STRICT_OBJC_MSGSEND = YES;
				ENABLE_TESTABILITY = YES;
				GCC_C_LANGUAGE_STANDARD = gnu11;
				GCC_DYNAMIC_NO_PIC = NO;
				GCC_NO_COMMON_BLOCKS = YES;
				GCC_OPTIMIZATION_LEVEL = 0;
				GCC_PREPROCESSOR_DEFINITIONS = (
					"DEBUG=1",
					"$(inherited)",
				);
				GCC_WARN_64_TO_32_BIT_CONVERSION = YES;
				GCC_WARN_ABOUT_RETURN_TYPE = YES_ERROR;
				GCC_WARN_UNDECLARED_SELECTOR = YES;
				GCC_WARN_UNINITIALIZED_AUTOS = YES_AGGRESSIVE;
				GCC_WARN_UNUSED_FUNCTION = YES;
				GCC_WARN_UNUSED_VARIABLE = YES;
				IPHONEOS_DEPLOYMENT_TARGET = 16.4;
				MTL_ENABLE_DEBUG_INFO = INCLUDE_SOURCE;
				MTL_FAST_MATH = YES;
				ONLY_ACTIVE_ARCH = YES;
				SDKROOT = iphoneos;
				SWIFT_ACTIVE_COMPILATION_CONDITIONS = DEBUG;
				SWIFT_OPTIMIZATION_LEVEL = "-Onone";
			};
			name = Debug;
		};
		031F59BC2AA09592009AFE92 /* Release */ = {
			isa = XCBuildConfiguration;
			buildSettings = {
				ALWAYS_SEARCH_USER_PATHS = NO;
				CLANG_ANALYZER_NONNULL = YES;
				CLANG_ANALYZER_NUMBER_OBJECT_CONVERSION = YES_AGGRESSIVE;
				CLANG_CXX_LANGUAGE_STANDARD = "gnu++20";
				CLANG_ENABLE_MODULES = YES;
				CLANG_ENABLE_OBJC_ARC = YES;
				CLANG_ENABLE_OBJC_WEAK = YES;
				CLANG_WARN_BLOCK_CAPTURE_AUTORELEASING = YES;
				CLANG_WARN_BOOL_CONVERSION = YES;
				CLANG_WARN_COMMA = YES;
				CLANG_WARN_CONSTANT_CONVERSION = YES;
				CLANG_WARN_DEPRECATED_OBJC_IMPLEMENTATIONS = YES;
				CLANG_WARN_DIRECT_OBJC_ISA_USAGE = YES_ERROR;
				CLANG_WARN_DOCUMENTATION_COMMENTS = YES;
				CLANG_WARN_EMPTY_BODY = YES;
				CLANG_WARN_ENUM_CONVERSION = YES;
				CLANG_WARN_INFINITE_RECURSION = YES;
				CLANG_WARN_INT_CONVERSION = YES;
				CLANG_WARN_NON_LITERAL_NULL_CONVERSION = YES;
				CLANG_WARN_OBJC_IMPLICIT_RETAIN_SELF = YES;
				CLANG_WARN_OBJC_LITERAL_CONVERSION = YES;
				CLANG_WARN_OBJC_ROOT_CLASS = YES_ERROR;
				CLANG_WARN_QUOTED_INCLUDE_IN_FRAMEWORK_HEADER = YES;
				CLANG_WARN_RANGE_LOOP_ANALYSIS = YES;
				CLANG_WARN_STRICT_PROTOTYPES = YES;
				CLANG_WARN_SUSPICIOUS_MOVE = YES;
				CLANG_WARN_UNGUARDED_AVAILABILITY = YES_AGGRESSIVE;
				CLANG_WARN_UNREACHABLE_CODE = YES;
				CLANG_WARN__DUPLICATE_METHOD_MATCH = YES;
				COPY_PHASE_STRIP = NO;
				DEBUG_INFORMATION_FORMAT = "dwarf-with-dsym";
				ENABLE_NS_ASSERTIONS = NO;
				ENABLE_STRICT_OBJC_MSGSEND = YES;
				GCC_C_LANGUAGE_STANDARD = gnu11;
				GCC_NO_COMMON_BLOCKS = YES;
				GCC_WARN_64_TO_32_BIT_CONVERSION = YES;
				GCC_WARN_ABOUT_RETURN_TYPE = YES_ERROR;
				GCC_WARN_UNDECLARED_SELECTOR = YES;
				GCC_WARN_UNINITIALIZED_AUTOS = YES_AGGRESSIVE;
				GCC_WARN_UNUSED_FUNCTION = YES;
				GCC_WARN_UNUSED_VARIABLE = YES;
				IPHONEOS_DEPLOYMENT_TARGET = 16.4;
				MTL_ENABLE_DEBUG_INFO = NO;
				MTL_FAST_MATH = YES;
				SDKROOT = iphoneos;
				SWIFT_COMPILATION_MODE = wholemodule;
				SWIFT_OPTIMIZATION_LEVEL = "-O";
				VALIDATE_PRODUCT = YES;
			};
			name = Release;
		};
		031F59BE2AA09592009AFE92 /* Debug */ = {
			isa = XCBuildConfiguration;
			buildSettings = {
				ASSETCATALOG_COMPILER_APPICON_NAME = AppIcon;
				ASSETCATALOG_COMPILER_GLOBAL_ACCENT_COLOR_NAME = AccentColor;
				CODE_SIGN_STYLE = Automatic;
				CURRENT_PROJECT_VERSION = 1;
				DEVELOPMENT_TEAM = BHAB7LC35Y;
				GENERATE_INFOPLIST_FILE = YES;
				INFOPLIST_FILE = OfflineDownloadWithAVFoundation/Info.plist;
				INFOPLIST_KEY_UIApplicationSupportsIndirectInputEvents = YES;
				INFOPLIST_KEY_UILaunchStoryboardName = LaunchScreen;
				INFOPLIST_KEY_UIMainStoryboardFile = Main;
				INFOPLIST_KEY_UISupportedInterfaceOrientations_iPad = "UIInterfaceOrientationPortrait UIInterfaceOrientationPortraitUpsideDown UIInterfaceOrientationLandscapeLeft UIInterfaceOrientationLandscapeRight";
				INFOPLIST_KEY_UISupportedInterfaceOrientations_iPhone = "UIInterfaceOrientationPortrait UIInterfaceOrientationLandscapeLeft UIInterfaceOrientationLandscapeRight";
				IPHONEOS_DEPLOYMENT_TARGET = 11.4;
				LD_RUNPATH_SEARCH_PATHS = (
					"$(inherited)",
					"@executable_path/Frameworks",
				);
				MARKETING_VERSION = 1.0;
				PRODUCT_BUNDLE_IDENTIFIER = com.testpress.OfflineDownloadWithAVFoundation;
				PRODUCT_NAME = "$(TARGET_NAME)";
				SWIFT_EMIT_LOC_STRINGS = YES;
				SWIFT_VERSION = 5.0;
				TARGETED_DEVICE_FAMILY = "1,2";
			};
			name = Debug;
		};
		031F59BF2AA09592009AFE92 /* Release */ = {
			isa = XCBuildConfiguration;
			buildSettings = {
				ASSETCATALOG_COMPILER_APPICON_NAME = AppIcon;
				ASSETCATALOG_COMPILER_GLOBAL_ACCENT_COLOR_NAME = AccentColor;
				CODE_SIGN_STYLE = Automatic;
				CURRENT_PROJECT_VERSION = 1;
				DEVELOPMENT_TEAM = BHAB7LC35Y;
				GENERATE_INFOPLIST_FILE = YES;
				INFOPLIST_FILE = OfflineDownloadWithAVFoundation/Info.plist;
				INFOPLIST_KEY_UIApplicationSupportsIndirectInputEvents = YES;
				INFOPLIST_KEY_UILaunchStoryboardName = LaunchScreen;
				INFOPLIST_KEY_UIMainStoryboardFile = Main;
				INFOPLIST_KEY_UISupportedInterfaceOrientations_iPad = "UIInterfaceOrientationPortrait UIInterfaceOrientationPortraitUpsideDown UIInterfaceOrientationLandscapeLeft UIInterfaceOrientationLandscapeRight";
				INFOPLIST_KEY_UISupportedInterfaceOrientations_iPhone = "UIInterfaceOrientationPortrait UIInterfaceOrientationLandscapeLeft UIInterfaceOrientationLandscapeRight";
				IPHONEOS_DEPLOYMENT_TARGET = 11.4;
				LD_RUNPATH_SEARCH_PATHS = (
					"$(inherited)",
					"@executable_path/Frameworks",
				);
				MARKETING_VERSION = 1.0;
				PRODUCT_BUNDLE_IDENTIFIER = com.testpress.OfflineDownloadWithAVFoundation;
				PRODUCT_NAME = "$(TARGET_NAME)";
				SWIFT_EMIT_LOC_STRINGS = YES;
				SWIFT_VERSION = 5.0;
				TARGETED_DEVICE_FAMILY = "1,2";
			};
			name = Release;
		};
/* End XCBuildConfiguration section */

/* Begin XCConfigurationList section */
		031F59A42AA0958D009AFE92 /* Build configuration list for PBXProject "OfflineDownloadWithAVFoundation" */ = {
			isa = XCConfigurationList;
			buildConfigurations = (
				031F59BB2AA09592009AFE92 /* Debug */,
				031F59BC2AA09592009AFE92 /* Release */,
			);
			defaultConfigurationIsVisible = 0;
			defaultConfigurationName = Release;
		};
		031F59BD2AA09592009AFE92 /* Build configuration list for PBXNativeTarget "OfflineDownloadWithAVFoundation" */ = {
			isa = XCConfigurationList;
			buildConfigurations = (
				031F59BE2AA09592009AFE92 /* Debug */,
				031F59BF2AA09592009AFE92 /* Release */,
			);
			defaultConfigurationIsVisible = 0;
			defaultConfigurationName = Release;
		};
/* End XCConfigurationList section */

/* Begin XCRemoteSwiftPackageReference section */
		03A7A65C2AA612CF005F3BDE /* XCRemoteSwiftPackageReference "realm-swift" */ = {
			isa = XCRemoteSwiftPackageReference;
			repositoryURL = "https://github.com/realm/realm-swift.git";
			requirement = {
				branch = master;
				kind = branch;
			};
		};
		03B4314D2AAB25AC008B3369 /* XCRemoteSwiftPackageReference "Alamofire" */ = {
			isa = XCRemoteSwiftPackageReference;
			repositoryURL = "https://github.com/Alamofire/Alamofire";
			requirement = {
				kind = upToNextMajorVersion;
				minimumVersion = 5.0.0;
			};
		};
/* End XCRemoteSwiftPackageReference section */

/* Begin XCSwiftPackageProductDependency section */
		03A7A65D2AA612CF005F3BDE /* Realm */ = {
			isa = XCSwiftPackageProductDependency;
			package = 03A7A65C2AA612CF005F3BDE /* XCRemoteSwiftPackageReference "realm-swift" */;
			productName = Realm;
		};
		03A7A65F2AA612CF005F3BDE /* RealmSwift */ = {
			isa = XCSwiftPackageProductDependency;
			package = 03A7A65C2AA612CF005F3BDE /* XCRemoteSwiftPackageReference "realm-swift" */;
			productName = RealmSwift;
		};
		03B4314E2AAB25AC008B3369 /* Alamofire */ = {
			isa = XCSwiftPackageProductDependency;
			package = 03B4314D2AAB25AC008B3369 /* XCRemoteSwiftPackageReference "Alamofire" */;
			productName = Alamofire;
		};
/* End XCSwiftPackageProductDependency section */
	};
	rootObject = 031F59A12AA0958D009AFE92 /* Project object */;
}
